
Microsoft Visual Studio Solution File, Format Version 12.00
Project("{FAE04EC0-301F-11D3-BF4B-00C04F79EFBC}") = "ClubStats.AspNetCore", "src\ClubStats.AspNetCore\ClubStats.AspNetCore.csproj", "{B12CE303-B19D-41DF-B8BC-AF8A32F553F9}"
EndProject
Project("{FAE04EC0-301F-11D3-BF4B-00C04F79EFBC}") = "ClubStats.AspNetCore.Tests", "tests\ClubStats.AspNetCore.Tests\ClubStats.AspNetCore.Tests.csproj", "{12277444-CF5C-4008-8DD8-BA8DD0DCF49A}"
EndProject
Global
	GlobalSection(SolutionConfigurationPlatforms) = preSolution
		Debug|Any CPU = Debug|Any CPU
		Release|Any CPU = Release|Any CPU
	EndGlobalSection
	GlobalSection(ProjectConfigurationPlatforms) = postSolution
		{B12CE303-B19D-41DF-B8BC-AF8A32F553F9}.Debug|Any CPU.ActiveCfg = Debug|Any CPU
		{B12CE303-B19D-41DF-B8BC-AF8A32F553F9}.Debug|Any CPU.Build.0 = Debug|Any CPU
		{B12CE303-B19D-41DF-B8BC-AF8A32F553F9}.Release|Any CPU.ActiveCfg = Release|Any CPU
		{B12CE303-B19D-41DF-B8BC-AF8A32F553F9}.Release|Any CPU.Build.0 = Release|Any CPU
		{12277444-CF5C-4008-8DD8-BA8DD0DCF49A}.Debug|Any CPU.ActiveCfg = Debug|Any CPU
		{12277444-CF5C-4008-8DD8-BA8DD0DCF49A}.Debug|Any CPU.Build.0 = Debug|Any CPU
		{12277444-CF5C-4008-8DD8-BA8DD0DCF49A}.Release|Any CPU.ActiveCfg = Release|Any CPU
		{12277444-CF5C-4008-8DD8-BA8DD0DCF49A}.Release|Any CPU.Build.0 = Release|Any CPU
	EndGlobalSection
EndGlobal
